
Microsoft Visual Studio Solution File, Format Version 12.00
# Visual Studio Version 16
VisualStudioVersion = 16.0.30114.105
MinimumVisualStudioVersion = 10.0.40219.1
Project("{2150E333-8FDC-42A3-9474-1A3956D46DE8}") = "src", "src", "{8D02A7F0-B992-4C4C-BB75-55BD989987B6}"
EndProject
Project("{FAE04EC0-301F-11D3-BF4B-00C04F79EFBC}") = "WorkerHost", "src\WorkerHost\WorkerHost.csproj", "{B23D3922-4C1C-4CDC-AAE7-9B4F5517635A}"
EndProject
Project("{FAE04EC0-301F-11D3-BF4B-00C04F79EFBC}") = "Abstractions", "src\Abstractions\Abstractions.csproj", "{293640C9-C869-4441-9D6C-8955DA0D51E5}"
EndProject
Project("{FAE04EC0-301F-11D3-BF4B-00C04F79EFBC}") = "Moex", "src\Moex\Moex.csproj", "{949FD57D-CA30-44FC-993D-AE3A7C27290C}"
EndProject
Project("{FAE04EC0-301F-11D3-BF4B-00C04F79EFBC}") = "RtFix", "src\RtFix\RtFix.csproj", "{39DBDF7E-BE94-4C3B-BE6A-4232BBC53F43}"
EndProject
Project("{2150E333-8FDC-42A3-9474-1A3956D46DE8}") = "tests", "tests", "{93F2554C-D49C-4462-B35C-3762E0827FBE}"
EndProject
Project("{FAE04EC0-301F-11D3-BF4B-00C04F79EFBC}") = "Testing", "src\Testing\Testing.csproj", "{D0EDB4E9-C17F-48D5-BF1F-621096426748}"
EndProject
Project("{FAE04EC0-301F-11D3-BF4B-00C04F79EFBC}") = "WorkerHost.Tests", "tests\WorkerHost.Tests\WorkerHost.Tests.csproj", "{8EE489B9-B15E-490B-B499-9DA28AB1E761}"
EndProject
Project("{FAE04EC0-301F-11D3-BF4B-00C04F79EFBC}") = "UnitTests", "tests\UnitTests\UnitTests.csproj", "{A65294A6-62B1-4B16-B9AB-9FD75BEE711D}"
EndProject
Global
	GlobalSection(SolutionConfigurationPlatforms) = preSolution
		Debug|Any CPU = Debug|Any CPU
		Release|Any CPU = Release|Any CPU
	EndGlobalSection
	GlobalSection(SolutionProperties) = preSolution
		HideSolutionNode = FALSE
	EndGlobalSection
	GlobalSection(ProjectConfigurationPlatforms) = postSolution
		{B23D3922-4C1C-4CDC-AAE7-9B4F5517635A}.Debug|Any CPU.ActiveCfg = Debug|Any CPU
		{B23D3922-4C1C-4CDC-AAE7-9B4F5517635A}.Debug|Any CPU.Build.0 = Debug|Any CPU
		{B23D3922-4C1C-4CDC-AAE7-9B4F5517635A}.Release|Any CPU.ActiveCfg = Release|Any CPU
		{B23D3922-4C1C-4CDC-AAE7-9B4F5517635A}.Release|Any CPU.Build.0 = Release|Any CPU
		{293640C9-C869-4441-9D6C-8955DA0D51E5}.Debug|Any CPU.ActiveCfg = Debug|Any CPU
		{293640C9-C869-4441-9D6C-8955DA0D51E5}.Debug|Any CPU.Build.0 = Debug|Any CPU
		{293640C9-C869-4441-9D6C-8955DA0D51E5}.Release|Any CPU.ActiveCfg = Release|Any CPU
		{293640C9-C869-4441-9D6C-8955DA0D51E5}.Release|Any CPU.Build.0 = Release|Any CPU
		{949FD57D-CA30-44FC-993D-AE3A7C27290C}.Debug|Any CPU.ActiveCfg = Debug|Any CPU
		{949FD57D-CA30-44FC-993D-AE3A7C27290C}.Debug|Any CPU.Build.0 = Debug|Any CPU
		{949FD57D-CA30-44FC-993D-AE3A7C27290C}.Release|Any CPU.ActiveCfg = Release|Any CPU
		{949FD57D-CA30-44FC-993D-AE3A7C27290C}.Release|Any CPU.Build.0 = Release|Any CPU
		{39DBDF7E-BE94-4C3B-BE6A-4232BBC53F43}.Debug|Any CPU.ActiveCfg = Debug|Any CPU
		{39DBDF7E-BE94-4C3B-BE6A-4232BBC53F43}.Debug|Any CPU.Build.0 = Debug|Any CPU
		{39DBDF7E-BE94-4C3B-BE6A-4232BBC53F43}.Release|Any CPU.ActiveCfg = Release|Any CPU
		{39DBDF7E-BE94-4C3B-BE6A-4232BBC53F43}.Release|Any CPU.Build.0 = Release|Any CPU
		{D0EDB4E9-C17F-48D5-BF1F-621096426748}.Debug|Any CPU.ActiveCfg = Debug|Any CPU
		{D0EDB4E9-C17F-48D5-BF1F-621096426748}.Debug|Any CPU.Build.0 = Debug|Any CPU
		{D0EDB4E9-C17F-48D5-BF1F-621096426748}.Release|Any CPU.ActiveCfg = Release|Any CPU
		{D0EDB4E9-C17F-48D5-BF1F-621096426748}.Release|Any CPU.Build.0 = Release|Any CPU
		{8EE489B9-B15E-490B-B499-9DA28AB1E761}.Debug|Any CPU.ActiveCfg = Debug|Any CPU
		{8EE489B9-B15E-490B-B499-9DA28AB1E761}.Debug|Any CPU.Build.0 = Debug|Any CPU
		{8EE489B9-B15E-490B-B499-9DA28AB1E761}.Release|Any CPU.ActiveCfg = Release|Any CPU
		{8EE489B9-B15E-490B-B499-9DA28AB1E761}.Release|Any CPU.Build.0 = Release|Any CPU
		{A65294A6-62B1-4B16-B9AB-9FD75BEE711D}.Debug|Any CPU.ActiveCfg = Debug|Any CPU
		{A65294A6-62B1-4B16-B9AB-9FD75BEE711D}.Debug|Any CPU.Build.0 = Debug|Any CPU
		{A65294A6-62B1-4B16-B9AB-9FD75BEE711D}.Release|Any CPU.ActiveCfg = Release|Any CPU
		{A65294A6-62B1-4B16-B9AB-9FD75BEE711D}.Release|Any CPU.Build.0 = Release|Any CPU
	EndGlobalSection
	GlobalSection(NestedProjects) = preSolution
		{B23D3922-4C1C-4CDC-AAE7-9B4F5517635A} = {8D02A7F0-B992-4C4C-BB75-55BD989987B6}
		{293640C9-C869-4441-9D6C-8955DA0D51E5} = {8D02A7F0-B992-4C4C-BB75-55BD989987B6}
		{949FD57D-CA30-44FC-993D-AE3A7C27290C} = {8D02A7F0-B992-4C4C-BB75-55BD989987B6}
		{39DBDF7E-BE94-4C3B-BE6A-4232BBC53F43} = {8D02A7F0-B992-4C4C-BB75-55BD989987B6}
		{D0EDB4E9-C17F-48D5-BF1F-621096426748} = {8D02A7F0-B992-4C4C-BB75-55BD989987B6}
		{8EE489B9-B15E-490B-B499-9DA28AB1E761} = {93F2554C-D49C-4462-B35C-3762E0827FBE}
		{A65294A6-62B1-4B16-B9AB-9FD75BEE711D} = {93F2554C-D49C-4462-B35C-3762E0827FBE}
	EndGlobalSection
EndGlobal
